
Microsoft Visual Studio Solution File, Format Version 12.00
# Visual Studio Version 16
VisualStudioVersion = 16.0.31911.196
MinimumVisualStudioVersion = 10.0.40219.1
Project("{FAE04EC0-301F-11D3-BF4B-00C04F79EFBC}") = "PresentationLayer", "PresentationLayer\PresentationLayer.csproj", "{67936885-ED7D-42C2-90CD-1137809ED428}"
EndProject
Project("{FAE04EC0-301F-11D3-BF4B-00C04F79EFBC}") = "DomainLayer", "DomainLayer\DomainLayer.csproj", "{5F3F845B-B838-4337-80D7-3667FF3A2177}"
EndProject
Project("{FAE04EC0-301F-11D3-BF4B-00C04F79EFBC}") = "InfrastructureLayer", "InfrastructureLayer\InfrastructureLayer.csproj", "{028F562D-5E4F-4CF2-8A17-D24D456EA62B}"
EndProject
Global
	GlobalSection(SolutionConfigurationPlatforms) = preSolution
		Debug|Any CPU = Debug|Any CPU
		Release|Any CPU = Release|Any CPU
	EndGlobalSection
	GlobalSection(ProjectConfigurationPlatforms) = postSolution
		{67936885-ED7D-42C2-90CD-1137809ED428}.Debug|Any CPU.ActiveCfg = Debug|Any CPU
		{67936885-ED7D-42C2-90CD-1137809ED428}.Debug|Any CPU.Build.0 = Debug|Any CPU
		{67936885-ED7D-42C2-90CD-1137809ED428}.Release|Any CPU.ActiveCfg = Release|Any CPU
		{67936885-ED7D-42C2-90CD-1137809ED428}.Release|Any CPU.Build.0 = Release|Any CPU
		{5F3F845B-B838-4337-80D7-3667FF3A2177}.Debug|Any CPU.ActiveCfg = Debug|Any CPU
		{5F3F845B-B838-4337-80D7-3667FF3A2177}.Debug|Any CPU.Build.0 = Debug|Any CPU
		{5F3F845B-B838-4337-80D7-3667FF3A2177}.Release|Any CPU.ActiveCfg = Release|Any CPU
		{5F3F845B-B838-4337-80D7-3667FF3A2177}.Release|Any CPU.Build.0 = Release|Any CPU
		{028F562D-5E4F-4CF2-8A17-D24D456EA62B}.Debug|Any CPU.ActiveCfg = Debug|Any CPU
		{028F562D-5E4F-4CF2-8A17-D24D456EA62B}.Debug|Any CPU.Build.0 = Debug|Any CPU
		{028F562D-5E4F-4CF2-8A17-D24D456EA62B}.Release|Any CPU.ActiveCfg = Release|Any CPU
		{028F562D-5E4F-4CF2-8A17-D24D456EA62B}.Release|Any CPU.Build.0 = Release|Any CPU
	EndGlobalSection
	GlobalSection(SolutionProperties) = preSolution
		HideSolutionNode = FALSE
	EndGlobalSection
	GlobalSection(ExtensibilityGlobals) = postSolution
		SolutionGuid = {968018A1-E863-4C56-A56F-A56B56B7EDD4}
	EndGlobalSection
EndGlobal
